// !$*UTF8*$!
{
	archiveVersion = 1;
	classes = {
	};
	objectVersion = 56;
	objects = {

/* Begin PBXBuildFile section */
		CF0A3B8529CF5E7E00EFDB96 /* TextEditorBasics.swift in Sources */ = {isa = PBXBuildFile; fileRef = CF0A3B8429CF5E7E00EFDB96 /* TextEditorBasics.swift */; };
		CF0A3B8729CF668E00EFDB96 /* ToogleButtons.swift in Sources */ = {isa = PBXBuildFile; fileRef = CF0A3B8629CF668E00EFDB96 /* ToogleButtons.swift */; };
		CF1D2E6529C4B1E800373623 /* SwiftUIBasicsApp.swift in Sources */ = {isa = PBXBuildFile; fileRef = CF1D2E6429C4B1E800373623 /* SwiftUIBasicsApp.swift */; };
		CF1D2E6729C4B1E800373623 /* ContentView.swift in Sources */ = {isa = PBXBuildFile; fileRef = CF1D2E6629C4B1E800373623 /* ContentView.swift */; };
		CF1D2E6929C4B1EA00373623 /* Assets.xcassets in Resources */ = {isa = PBXBuildFile; fileRef = CF1D2E6829C4B1EA00373623 /* Assets.xcassets */; };
		CF1D2E6C29C4B1EA00373623 /* Preview Assets.xcassets in Resources */ = {isa = PBXBuildFile; fileRef = CF1D2E6B29C4B1EA00373623 /* Preview Assets.xcassets */; };
		CF1D2E7329C4B2B300373623 /* TextBasics.swift in Sources */ = {isa = PBXBuildFile; fileRef = CF1D2E7229C4B2B300373623 /* TextBasics.swift */; };
		CF321D0F29CEBC060092BD0F /* Alerts.swift in Sources */ = {isa = PBXBuildFile; fileRef = CF321D0D29CEBC060092BD0F /* Alerts.swift */; };
		CF321D1029CEBC060092BD0F /* AddDeleteEditMoveInList.swift in Sources */ = {isa = PBXBuildFile; fileRef = CF321D0E29CEBC060092BD0F /* AddDeleteEditMoveInList.swift */; };
		CF321D1229CEBE0B0092BD0F /* ReusableActionSheet.swift in Sources */ = {isa = PBXBuildFile; fileRef = CF321D1129CEBE0B0092BD0F /* ReusableActionSheet.swift */; };
		CF321D1429CEE36E0092BD0F /* ContextMenu.swift in Sources */ = {isa = PBXBuildFile; fileRef = CF321D1329CEE36E0092BD0F /* ContextMenu.swift */; };
		CF76FDF929C56BB90063481C /* ColorBasics.swift in Sources */ = {isa = PBXBuildFile; fileRef = CF76FDF829C56BB90063481C /* ColorBasics.swift */; };
		CF76FDFB29C573400063481C /* GradientBasics.swift in Sources */ = {isa = PBXBuildFile; fileRef = CF76FDFA29C573400063481C /* GradientBasics.swift */; };
		CF76FDFD29C57B330063481C /* Icons.swift in Sources */ = {isa = PBXBuildFile; fileRef = CF76FDFC29C57B330063481C /* Icons.swift */; };
		CF76FDFF29C583880063481C /* ImageBasics.swift in Sources */ = {isa = PBXBuildFile; fileRef = CF76FDFE29C583880063481C /* ImageBasics.swift */; };
		CF818BE529C8C518000BB322 /* Buttons.swift in Sources */ = {isa = PBXBuildFile; fileRef = CF818BE429C8C518000BB322 /* Buttons.swift */; };
		CF818BE729C8CD7B000BB322 /* SafeAreas.swift in Sources */ = {isa = PBXBuildFile; fileRef = CF818BE629C8CD7B000BB322 /* SafeAreas.swift */; };
		CF84B0C029C9F5B100B24795 /* Grids.swift in Sources */ = {isa = PBXBuildFile; fileRef = CF84B0BF29C9F5B100B24795 /* Grids.swift */; };
		CF84B0C229CA10B100B24795 /* StateObserver.swift in Sources */ = {isa = PBXBuildFile; fileRef = CF84B0C129CA10B100B24795 /* StateObserver.swift */; };
		CFAADF3429C7242500D778E3 /* InitAndEnums.swift in Sources */ = {isa = PBXBuildFile; fileRef = CFAADF3329C7242500D778E3 /* InitAndEnums.swift */; };
		CFAADF3629C74A7100D778E3 /* ScrollView.swift in Sources */ = {isa = PBXBuildFile; fileRef = CFAADF3529C74A7100D778E3 /* ScrollView.swift */; };
		CFCC6DC029C4CC2E00EA079A /* Shapes.swift in Sources */ = {isa = PBXBuildFile; fileRef = CFCC6DBF29C4CC2E00EA079A /* Shapes.swift */; };
		CFCC8B6E29C5F3680085F43D /* FrameAndAlignment.swift in Sources */ = {isa = PBXBuildFile; fileRef = CFCC8B6D29C5F3680085F43D /* FrameAndAlignment.swift */; };
		CFCC8B7029C5F9030085F43D /* BackgroundsAndOverlays.swift in Sources */ = {isa = PBXBuildFile; fileRef = CFCC8B6F29C5F9030085F43D /* BackgroundsAndOverlays.swift */; };
		CFCC8B7229C60FB00085F43D /* Stacks.swift in Sources */ = {isa = PBXBuildFile; fileRef = CFCC8B7129C60FB00085F43D /* Stacks.swift */; };
		CFD285D729CC9CD500095E82 /* Popover.swift in Sources */ = {isa = PBXBuildFile; fileRef = CFD285D629CC9CD500095E82 /* Popover.swift */; };
		CFD285D929CCB07900095E82 /* NavigationBasics.swift in Sources */ = {isa = PBXBuildFile; fileRef = CFD285D829CCB07900095E82 /* NavigationBasics.swift */; };
		CFD5546229CF470800329E14 /* TextFieldBasics.swift in Sources */ = {isa = PBXBuildFile; fileRef = CFD5546129CF470800329E14 /* TextFieldBasics.swift */; };
		CFDD908229C6C8E400609396 /* PaddingAndSpacer.swift in Sources */ = {isa = PBXBuildFile; fileRef = CFDD908129C6C8E400609396 /* PaddingAndSpacer.swift */; };
		CFDD908429C6D19F00609396 /* Spacers.swift in Sources */ = {isa = PBXBuildFile; fileRef = CFDD908329C6D19F00609396 /* Spacers.swift */; };
		CFF8418629CB550F00601E40 /* AnimationBasics.swift in Sources */ = {isa = PBXBuildFile; fileRef = CFF8418029CB550E00601E40 /* AnimationBasics.swift */; };
		CFF8418729CB550F00601E40 /* TransitionsBasics.swift in Sources */ = {isa = PBXBuildFile; fileRef = CFF8418129CB550E00601E40 /* TransitionsBasics.swift */; };
		CFF8418829CB550F00601E40 /* ExtractedFunctions.swift in Sources */ = {isa = PBXBuildFile; fileRef = CFF8418229CB550E00601E40 /* ExtractedFunctions.swift */; };
		CFF8418929CB550F00601E40 /* BindingPropertyWrapper.swift in Sources */ = {isa = PBXBuildFile; fileRef = CFF8418329CB550E00601E40 /* BindingPropertyWrapper.swift */; };
		CFF8418A29CB550F00601E40 /* ExtractSubViews.swift in Sources */ = {isa = PBXBuildFile; fileRef = CFF8418429CB550F00601E40 /* ExtractSubViews.swift */; };
		CFF8418B29CB550F00601E40 /* AnimationCurveAndTiming.swift in Sources */ = {isa = PBXBuildFile; fileRef = CFF8418529CB550F00601E40 /* AnimationCurveAndTiming.swift */; };
		CFF8418D29CB56DA00601E40 /* Sheets.swift in Sources */ = {isa = PBXBuildFile; fileRef = CFF8418C29CB56DA00601E40 /* Sheets.swift */; };
/* End PBXBuildFile section */

/* Begin PBXFileReference section */
		CF0A3B8429CF5E7E00EFDB96 /* TextEditorBasics.swift */ = {isa = PBXFileReference; lastKnownFileType = sourcecode.swift; path = TextEditorBasics.swift; sourceTree = "<group>"; };
		CF0A3B8629CF668E00EFDB96 /* ToogleButtons.swift */ = {isa = PBXFileReference; lastKnownFileType = sourcecode.swift; path = ToogleButtons.swift; sourceTree = "<group>"; };
		CF1D2E6129C4B1E800373623 /* SwiftUIBasics.app */ = {isa = PBXFileReference; explicitFileType = wrapper.application; includeInIndex = 0; path = SwiftUIBasics.app; sourceTree = BUILT_PRODUCTS_DIR; };
		CF1D2E6429C4B1E800373623 /* SwiftUIBasicsApp.swift */ = {isa = PBXFileReference; lastKnownFileType = sourcecode.swift; path = SwiftUIBasicsApp.swift; sourceTree = "<group>"; };
		CF1D2E6629C4B1E800373623 /* ContentView.swift */ = {isa = PBXFileReference; lastKnownFileType = sourcecode.swift; path = ContentView.swift; sourceTree = "<group>"; };
		CF1D2E6829C4B1EA00373623 /* Assets.xcassets */ = {isa = PBXFileReference; lastKnownFileType = folder.assetcatalog; path = Assets.xcassets; sourceTree = "<group>"; };
		CF1D2E6B29C4B1EA00373623 /* Preview Assets.xcassets */ = {isa = PBXFileReference; lastKnownFileType = folder.assetcatalog; path = "Preview Assets.xcassets"; sourceTree = "<group>"; };
		CF1D2E7229C4B2B300373623 /* TextBasics.swift */ = {isa = PBXFileReference; lastKnownFileType = sourcecode.swift; path = TextBasics.swift; sourceTree = "<group>"; };
		CF321D0D29CEBC060092BD0F /* Alerts.swift */ = {isa = PBXFileReference; fileEncoding = 4; lastKnownFileType = sourcecode.swift; path = Alerts.swift; sourceTree = "<group>"; };
		CF321D0E29CEBC060092BD0F /* AddDeleteEditMoveInList.swift */ = {isa = PBXFileReference; fileEncoding = 4; lastKnownFileType = sourcecode.swift; path = AddDeleteEditMoveInList.swift; sourceTree = "<group>"; };
		CF321D1129CEBE0B0092BD0F /* ReusableActionSheet.swift */ = {isa = PBXFileReference; lastKnownFileType = sourcecode.swift; path = ReusableActionSheet.swift; sourceTree = "<group>"; };
		CF321D1329CEE36E0092BD0F /* ContextMenu.swift */ = {isa = PBXFileReference; lastKnownFileType = sourcecode.swift; path = ContextMenu.swift; sourceTree = "<group>"; };
		CF76FDF829C56BB90063481C /* ColorBasics.swift */ = {isa = PBXFileReference; lastKnownFileType = sourcecode.swift; path = ColorBasics.swift; sourceTree = "<group>"; };
		CF76FDFA29C573400063481C /* GradientBasics.swift */ = {isa = PBXFileReference; lastKnownFileType = sourcecode.swift; path = GradientBasics.swift; sourceTree = "<group>"; };
		CF76FDFC29C57B330063481C /* Icons.swift */ = {isa = PBXFileReference; lastKnownFileType = sourcecode.swift; path = Icons.swift; sourceTree = "<group>"; };
		CF76FDFE29C583880063481C /* ImageBasics.swift */ = {isa = PBXFileReference; lastKnownFileType = sourcecode.swift; path = ImageBasics.swift; sourceTree = "<group>"; };
		CF818BE429C8C518000BB322 /* Buttons.swift */ = {isa = PBXFileReference; lastKnownFileType = sourcecode.swift; path = Buttons.swift; sourceTree = "<group>"; };
		CF818BE629C8CD7B000BB322 /* SafeAreas.swift */ = {isa = PBXFileReference; lastKnownFileType = sourcecode.swift; path = SafeAreas.swift; sourceTree = "<group>"; };
		CF84B0BF29C9F5B100B24795 /* Grids.swift */ = {isa = PBXFileReference; lastKnownFileType = sourcecode.swift; path = Grids.swift; sourceTree = "<group>"; };
		CF84B0C129CA10B100B24795 /* StateObserver.swift */ = {isa = PBXFileReference; lastKnownFileType = sourcecode.swift; path = StateObserver.swift; sourceTree = "<group>"; };
		CFAADF3329C7242500D778E3 /* InitAndEnums.swift */ = {isa = PBXFileReference; lastKnownFileType = sourcecode.swift; path = InitAndEnums.swift; sourceTree = "<group>"; };
		CFAADF3529C74A7100D778E3 /* ScrollView.swift */ = {isa = PBXFileReference; lastKnownFileType = sourcecode.swift; path = ScrollView.swift; sourceTree = "<group>"; };
		CFCC6DBF29C4CC2E00EA079A /* Shapes.swift */ = {isa = PBXFileReference; lastKnownFileType = sourcecode.swift; path = Shapes.swift; sourceTree = "<group>"; };
		CFCC8B6D29C5F3680085F43D /* FrameAndAlignment.swift */ = {isa = PBXFileReference; lastKnownFileType = sourcecode.swift; path = FrameAndAlignment.swift; sourceTree = "<group>"; };
		CFCC8B6F29C5F9030085F43D /* BackgroundsAndOverlays.swift */ = {isa = PBXFileReference; lastKnownFileType = sourcecode.swift; path = BackgroundsAndOverlays.swift; sourceTree = "<group>"; };
		CFCC8B7129C60FB00085F43D /* Stacks.swift */ = {isa = PBXFileReference; lastKnownFileType = sourcecode.swift; path = Stacks.swift; sourceTree = "<group>"; };
		CFD285D629CC9CD500095E82 /* Popover.swift */ = {isa = PBXFileReference; lastKnownFileType = sourcecode.swift; path = Popover.swift; sourceTree = "<group>"; };
		CFD285D829CCB07900095E82 /* NavigationBasics.swift */ = {isa = PBXFileReference; lastKnownFileType = sourcecode.swift; path = NavigationBasics.swift; sourceTree = "<group>"; };
		CFD5546129CF470800329E14 /* TextFieldBasics.swift */ = {isa = PBXFileReference; lastKnownFileType = sourcecode.swift; path = TextFieldBasics.swift; sourceTree = "<group>"; };
		CFDD908129C6C8E400609396 /* PaddingAndSpacer.swift */ = {isa = PBXFileReference; lastKnownFileType = sourcecode.swift; path = PaddingAndSpacer.swift; sourceTree = "<group>"; };
		CFDD908329C6D19F00609396 /* Spacers.swift */ = {isa = PBXFileReference; lastKnownFileType = sourcecode.swift; path = Spacers.swift; sourceTree = "<group>"; };
		CFF8418029CB550E00601E40 /* AnimationBasics.swift */ = {isa = PBXFileReference; fileEncoding = 4; lastKnownFileType = sourcecode.swift; path = AnimationBasics.swift; sourceTree = "<group>"; };
		CFF8418129CB550E00601E40 /* TransitionsBasics.swift */ = {isa = PBXFileReference; fileEncoding = 4; lastKnownFileType = sourcecode.swift; path = TransitionsBasics.swift; sourceTree = "<group>"; };
		CFF8418229CB550E00601E40 /* ExtractedFunctions.swift */ = {isa = PBXFileReference; fileEncoding = 4; lastKnownFileType = sourcecode.swift; path = ExtractedFunctions.swift; sourceTree = "<group>"; };
		CFF8418329CB550E00601E40 /* BindingPropertyWrapper.swift */ = {isa = PBXFileReference; fileEncoding = 4; lastKnownFileType = sourcecode.swift; path = BindingPropertyWrapper.swift; sourceTree = "<group>"; };
		CFF8418429CB550F00601E40 /* ExtractSubViews.swift */ = {isa = PBXFileReference; fileEncoding = 4; lastKnownFileType = sourcecode.swift; path = ExtractSubViews.swift; sourceTree = "<group>"; };
		CFF8418529CB550F00601E40 /* AnimationCurveAndTiming.swift */ = {isa = PBXFileReference; fileEncoding = 4; lastKnownFileType = sourcecode.swift; path = AnimationCurveAndTiming.swift; sourceTree = "<group>"; };
		CFF8418C29CB56DA00601E40 /* Sheets.swift */ = {isa = PBXFileReference; lastKnownFileType = sourcecode.swift; path = Sheets.swift; sourceTree = "<group>"; };
/* End PBXFileReference section */

/* Begin PBXFrameworksBuildPhase section */
		CF1D2E5E29C4B1E800373623 /* Frameworks */ = {
			isa = PBXFrameworksBuildPhase;
			buildActionMask = 2147483647;
			files = (
			);
			runOnlyForDeploymentPostprocessing = 0;
		};
/* End PBXFrameworksBuildPhase section */

/* Begin PBXGroup section */
		CF1D2E5829C4B1E800373623 = {
			isa = PBXGroup;
			children = (
				CF1D2E6329C4B1E800373623 /* SwiftUIBasics */,
				CF1D2E6229C4B1E800373623 /* Products */,
			);
			sourceTree = "<group>";
		};
		CF1D2E6229C4B1E800373623 /* Products */ = {
			isa = PBXGroup;
			children = (
				CF1D2E6129C4B1E800373623 /* SwiftUIBasics.app */,
			);
			name = Products;
			sourceTree = "<group>";
		};
		CF1D2E6329C4B1E800373623 /* SwiftUIBasics */ = {
			isa = PBXGroup;
			children = (
				CF321D0E29CEBC060092BD0F /* AddDeleteEditMoveInList.swift */,
				CF321D0D29CEBC060092BD0F /* Alerts.swift */,
				CFF8418029CB550E00601E40 /* AnimationBasics.swift */,
				CFF8418329CB550E00601E40 /* BindingPropertyWrapper.swift */,
				CFF8418529CB550F00601E40 /* AnimationCurveAndTiming.swift */,
				CF1D2E6429C4B1E800373623 /* SwiftUIBasicsApp.swift */,
				CF1D2E6629C4B1E800373623 /* ContentView.swift */,
				CFF8418429CB550F00601E40 /* ExtractSubViews.swift */,
				CFF8418229CB550E00601E40 /* ExtractedFunctions.swift */,
				CF1D2E7229C4B2B300373623 /* TextBasics.swift */,
				CFCC6DBF29C4CC2E00EA079A /* Shapes.swift */,
				CF76FDF829C56BB90063481C /* ColorBasics.swift */,
				CF76FDFA29C573400063481C /* GradientBasics.swift */,
				CF76FDFC29C57B330063481C /* Icons.swift */,
				CF76FDFE29C583880063481C /* ImageBasics.swift */,
				CFCC8B6D29C5F3680085F43D /* FrameAndAlignment.swift */,
				CFCC8B6F29C5F9030085F43D /* BackgroundsAndOverlays.swift */,
				CFCC8B7129C60FB00085F43D /* Stacks.swift */,
				CFDD908129C6C8E400609396 /* PaddingAndSpacer.swift */,
				CFDD908329C6D19F00609396 /* Spacers.swift */,
				CFAADF3329C7242500D778E3 /* InitAndEnums.swift */,
				CFAADF3529C74A7100D778E3 /* ScrollView.swift */,
				CF818BE429C8C518000BB322 /* Buttons.swift */,
				CF818BE629C8CD7B000BB322 /* SafeAreas.swift */,
				CF84B0BF29C9F5B100B24795 /* Grids.swift */,
				CF84B0C129CA10B100B24795 /* StateObserver.swift */,
				CFF8418C29CB56DA00601E40 /* Sheets.swift */,
				CF321D1129CEBE0B0092BD0F /* ReusableActionSheet.swift */,
				CF321D1329CEE36E0092BD0F /* ContextMenu.swift */,
				CF1D2E6829C4B1EA00373623 /* Assets.xcassets */,
				CF1D2E6A29C4B1EA00373623 /* Preview Content */,
				CFD285D629CC9CD500095E82 /* Popover.swift */,
				CFD285D829CCB07900095E82 /* NavigationBasics.swift */,
				CFD5546129CF470800329E14 /* TextFieldBasics.swift */,
				CF0A3B8429CF5E7E00EFDB96 /* TextEditorBasics.swift */,
				CF0A3B8629CF668E00EFDB96 /* ToogleButtons.swift */,
			);
			path = SwiftUIBasics;
			sourceTree = "<group>";
		};
		CF1D2E6A29C4B1EA00373623 /* Preview Content */ = {
			isa = PBXGroup;
			children = (
				CFF8418129CB550E00601E40 /* TransitionsBasics.swift */,
				CF1D2E6B29C4B1EA00373623 /* Preview Assets.xcassets */,
			);
			path = "Preview Content";
			sourceTree = "<group>";
		};
/* End PBXGroup section */

/* Begin PBXNativeTarget section */
		CF1D2E6029C4B1E800373623 /* SwiftUIBasics */ = {
			isa = PBXNativeTarget;
			buildConfigurationList = CF1D2E6F29C4B1EA00373623 /* Build configuration list for PBXNativeTarget "SwiftUIBasics" */;
			buildPhases = (
				CF1D2E5D29C4B1E800373623 /* Sources */,
				CF1D2E5E29C4B1E800373623 /* Frameworks */,
				CF1D2E5F29C4B1E800373623 /* Resources */,
			);
			buildRules = (
			);
			dependencies = (
			);
			name = SwiftUIBasics;
			productName = SwiftUIBasics;
			productReference = CF1D2E6129C4B1E800373623 /* SwiftUIBasics.app */;
			productType = "com.apple.product-type.application";
		};
/* End PBXNativeTarget section */

/* Begin PBXProject section */
		CF1D2E5929C4B1E800373623 /* Project object */ = {
			isa = PBXProject;
			attributes = {
				BuildIndependentTargetsInParallel = 1;
				LastSwiftUpdateCheck = 1420;
				LastUpgradeCheck = 1420;
				TargetAttributes = {
					CF1D2E6029C4B1E800373623 = {
						CreatedOnToolsVersion = 14.2;
					};
				};
			};
			buildConfigurationList = CF1D2E5C29C4B1E800373623 /* Build configuration list for PBXProject "SwiftUIBasics" */;
			compatibilityVersion = "Xcode 14.0";
			developmentRegion = en;
			hasScannedForEncodings = 0;
			knownRegions = (
				en,
				Base,
			);
			mainGroup = CF1D2E5829C4B1E800373623;
			productRefGroup = CF1D2E6229C4B1E800373623 /* Products */;
			projectDirPath = "";
			projectRoot = "";
			targets = (
				CF1D2E6029C4B1E800373623 /* SwiftUIBasics */,
			);
		};
/* End PBXProject section */

/* Begin PBXResourcesBuildPhase section */
		CF1D2E5F29C4B1E800373623 /* Resources */ = {
			isa = PBXResourcesBuildPhase;
			buildActionMask = 2147483647;
			files = (
				CF1D2E6C29C4B1EA00373623 /* Preview Assets.xcassets in Resources */,
				CF1D2E6929C4B1EA00373623 /* Assets.xcassets in Resources */,
			);
			runOnlyForDeploymentPostprocessing = 0;
		};
/* End PBXResourcesBuildPhase section */

/* Begin PBXSourcesBuildPhase section */
		CF1D2E5D29C4B1E800373623 /* Sources */ = {
			isa = PBXSourcesBuildPhase;
			buildActionMask = 2147483647;
			files = (
				CFCC8B6E29C5F3680085F43D /* FrameAndAlignment.swift in Sources */,
				CFDD908229C6C8E400609396 /* PaddingAndSpacer.swift in Sources */,
				CFAADF3429C7242500D778E3 /* InitAndEnums.swift in Sources */,
				CFF8418929CB550F00601E40 /* BindingPropertyWrapper.swift in Sources */,
				CFF8418729CB550F00601E40 /* TransitionsBasics.swift in Sources */,
				CF76FDFD29C57B330063481C /* Icons.swift in Sources */,
				CF321D1429CEE36E0092BD0F /* ContextMenu.swift in Sources */,
				CFCC8B7229C60FB00085F43D /* Stacks.swift in Sources */,
				CFCC8B7029C5F9030085F43D /* BackgroundsAndOverlays.swift in Sources */,
				CF1D2E6729C4B1E800373623 /* ContentView.swift in Sources */,
				CF84B0C029C9F5B100B24795 /* Grids.swift in Sources */,
				CFD285D929CCB07900095E82 /* NavigationBasics.swift in Sources */,
				CFD285D729CC9CD500095E82 /* Popover.swift in Sources */,
				CF321D1029CEBC060092BD0F /* AddDeleteEditMoveInList.swift in Sources */,
				CF321D0F29CEBC060092BD0F /* Alerts.swift in Sources */,
				CFF8418B29CB550F00601E40 /* AnimationCurveAndTiming.swift in Sources */,
				CFF8418D29CB56DA00601E40 /* Sheets.swift in Sources */,
				CF818BE529C8C518000BB322 /* Buttons.swift in Sources */,
				CFF8418829CB550F00601E40 /* ExtractedFunctions.swift in Sources */,
				CF76FDF929C56BB90063481C /* ColorBasics.swift in Sources */,
				CFAADF3629C74A7100D778E3 /* ScrollView.swift in Sources */,
				CF1D2E6529C4B1E800373623 /* SwiftUIBasicsApp.swift in Sources */,
				CF76FDFF29C583880063481C /* ImageBasics.swift in Sources */,
				CF321D1229CEBE0B0092BD0F /* ReusableActionSheet.swift in Sources */,
				CF0A3B8729CF668E00EFDB96 /* ToogleButtons.swift in Sources */,
				CF0A3B8529CF5E7E00EFDB96 /* TextEditorBasics.swift in Sources */,
				CF84B0C229CA10B100B24795 /* StateObserver.swift in Sources */,
				CF1D2E7329C4B2B300373623 /* TextBasics.swift in Sources */,
				CFD5546229CF470800329E14 /* TextFieldBasics.swift in Sources */,
				CF76FDFB29C573400063481C /* GradientBasics.swift in Sources */,
				CFF8418A29CB550F00601E40 /* ExtractSubViews.swift in Sources */,
				CFCC6DC029C4CC2E00EA079A /* Shapes.swift in Sources */,
				CFF8418629CB550F00601E40 /* AnimationBasics.swift in Sources */,
				CF818BE729C8CD7B000BB322 /* SafeAreas.swift in Sources */,
				CFDD908429C6D19F00609396 /* Spacers.swift in Sources */,
			);
			runOnlyForDeploymentPostprocessing = 0;
		};
/* End PBXSourcesBuildPhase section */

/* Begin XCBuildConfiguration section */
		CF1D2E6D29C4B1EA00373623 /* Debug */ = {
			isa = XCBuildConfiguration;
			buildSettings = {
				ALWAYS_SEARCH_USER_PATHS = NO;
				CLANG_ANALYZER_NONNULL = YES;
				CLANG_ANALYZER_NUMBER_OBJECT_CONVERSION = YES_AGGRESSIVE;
				CLANG_CXX_LANGUAGE_STANDARD = "gnu++20";
				CLANG_ENABLE_MODULES = YES;
				CLANG_ENABLE_OBJC_ARC = YES;
				CLANG_ENABLE_OBJC_WEAK = YES;
				CLANG_WARN_BLOCK_CAPTURE_AUTORELEASING = YES;
				CLANG_WARN_BOOL_CONVERSION = YES;
				CLANG_WARN_COMMA = YES;
				CLANG_WARN_CONSTANT_CONVERSION = YES;
				CLANG_WARN_DEPRECATED_OBJC_IMPLEMENTATIONS = YES;
				CLANG_WARN_DIRECT_OBJC_ISA_USAGE = YES_ERROR;
				CLANG_WARN_DOCUMENTATION_COMMENTS = YES;
				CLANG_WARN_EMPTY_BODY = YES;
				CLANG_WARN_ENUM_CONVERSION = YES;
				CLANG_WARN_INFINITE_RECURSION = YES;
				CLANG_WARN_INT_CONVERSION = YES;
				CLANG_WARN_NON_LITERAL_NULL_CONVERSION = YES;
				CLANG_WARN_OBJC_IMPLICIT_RETAIN_SELF = YES;
				CLANG_WARN_OBJC_LITERAL_CONVERSION = YES;
				CLANG_WARN_OBJC_ROOT_CLASS = YES_ERROR;
				CLANG_WARN_QUOTED_INCLUDE_IN_FRAMEWORK_HEADER = YES;
				CLANG_WARN_RANGE_LOOP_ANALYSIS = YES;
				CLANG_WARN_STRICT_PROTOTYPES = YES;
				CLANG_WARN_SUSPICIOUS_MOVE = YES;
				CLANG_WARN_UNGUARDED_AVAILABILITY = YES_AGGRESSIVE;
				CLANG_WARN_UNREACHABLE_CODE = YES;
				CLANG_WARN__DUPLICATE_METHOD_MATCH = YES;
				COPY_PHASE_STRIP = NO;
				DEBUG_INFORMATION_FORMAT = dwarf;
				ENABLE_STRICT_OBJC_MSGSEND = YES;
				ENABLE_TESTABILITY = YES;
				GCC_C_LANGUAGE_STANDARD = gnu11;
				GCC_DYNAMIC_NO_PIC = NO;
				GCC_NO_COMMON_BLOCKS = YES;
				GCC_OPTIMIZATION_LEVEL = 0;
				GCC_PREPROCESSOR_DEFINITIONS = (
					"DEBUG=1",
					"$(inherited)",
				);
				GCC_WARN_64_TO_32_BIT_CONVERSION = YES;
				GCC_WARN_ABOUT_RETURN_TYPE = YES_ERROR;
				GCC_WARN_UNDECLARED_SELECTOR = YES;
				GCC_WARN_UNINITIALIZED_AUTOS = YES_AGGRESSIVE;
				GCC_WARN_UNUSED_FUNCTION = YES;
				GCC_WARN_UNUSED_VARIABLE = YES;
				IPHONEOS_DEPLOYMENT_TARGET = 16.2;
				MTL_ENABLE_DEBUG_INFO = INCLUDE_SOURCE;
				MTL_FAST_MATH = YES;
				ONLY_ACTIVE_ARCH = YES;
				SDKROOT = iphoneos;
				SWIFT_ACTIVE_COMPILATION_CONDITIONS = DEBUG;
				SWIFT_OPTIMIZATION_LEVEL = "-Onone";
			};
			name = Debug;
		};
		CF1D2E6E29C4B1EA00373623 /* Release */ = {
			isa = XCBuildConfiguration;
			buildSettings = {
				ALWAYS_SEARCH_USER_PATHS = NO;
				CLANG_ANALYZER_NONNULL = YES;
				CLANG_ANALYZER_NUMBER_OBJECT_CONVERSION = YES_AGGRESSIVE;
				CLANG_CXX_LANGUAGE_STANDARD = "gnu++20";
				CLANG_ENABLE_MODULES = YES;
				CLANG_ENABLE_OBJC_ARC = YES;
				CLANG_ENABLE_OBJC_WEAK = YES;
				CLANG_WARN_BLOCK_CAPTURE_AUTORELEASING = YES;
				CLANG_WARN_BOOL_CONVERSION = YES;
				CLANG_WARN_COMMA = YES;
				CLANG_WARN_CONSTANT_CONVERSION = YES;
				CLANG_WARN_DEPRECATED_OBJC_IMPLEMENTATIONS = YES;
				CLANG_WARN_DIRECT_OBJC_ISA_USAGE = YES_ERROR;
				CLANG_WARN_DOCUMENTATION_COMMENTS = YES;
				CLANG_WARN_EMPTY_BODY = YES;
				CLANG_WARN_ENUM_CONVERSION = YES;
				CLANG_WARN_INFINITE_RECURSION = YES;
				CLANG_WARN_INT_CONVERSION = YES;
				CLANG_WARN_NON_LITERAL_NULL_CONVERSION = YES;
				CLANG_WARN_OBJC_IMPLICIT_RETAIN_SELF = YES;
				CLANG_WARN_OBJC_LITERAL_CONVERSION = YES;
				CLANG_WARN_OBJC_ROOT_CLASS = YES_ERROR;
				CLANG_WARN_QUOTED_INCLUDE_IN_FRAMEWORK_HEADER = YES;
				CLANG_WARN_RANGE_LOOP_ANALYSIS = YES;
				CLANG_WARN_STRICT_PROTOTYPES = YES;
				CLANG_WARN_SUSPICIOUS_MOVE = YES;
				CLANG_WARN_UNGUARDED_AVAILABILITY = YES_AGGRESSIVE;
				CLANG_WARN_UNREACHABLE_CODE = YES;
				CLANG_WARN__DUPLICATE_METHOD_MATCH = YES;
				COPY_PHASE_STRIP = NO;
				DEBUG_INFORMATION_FORMAT = "dwarf-with-dsym";
				ENABLE_NS_ASSERTIONS = NO;
				ENABLE_STRICT_OBJC_MSGSEND = YES;
				GCC_C_LANGUAGE_STANDARD = gnu11;
				GCC_NO_COMMON_BLOCKS = YES;
				GCC_WARN_64_TO_32_BIT_CONVERSION = YES;
				GCC_WARN_ABOUT_RETURN_TYPE = YES_ERROR;
				GCC_WARN_UNDECLARED_SELECTOR = YES;
				GCC_WARN_UNINITIALIZED_AUTOS = YES_AGGRESSIVE;
				GCC_WARN_UNUSED_FUNCTION = YES;
				GCC_WARN_UNUSED_VARIABLE = YES;
				IPHONEOS_DEPLOYMENT_TARGET = 16.2;
				MTL_ENABLE_DEBUG_INFO = NO;
				MTL_FAST_MATH = YES;
				SDKROOT = iphoneos;
				SWIFT_COMPILATION_MODE = wholemodule;
				SWIFT_OPTIMIZATION_LEVEL = "-O";
				VALIDATE_PRODUCT = YES;
			};
			name = Release;
		};
		CF1D2E7029C4B1EA00373623 /* Debug */ = {
			isa = XCBuildConfiguration;
			buildSettings = {
				ASSETCATALOG_COMPILER_APPICON_NAME = AppIcon;
				ASSETCATALOG_COMPILER_GLOBAL_ACCENT_COLOR_NAME = AccentColor;
				CODE_SIGN_STYLE = Automatic;
				CURRENT_PROJECT_VERSION = 1;
				DEVELOPMENT_ASSET_PATHS = "\"SwiftUIBasics/Preview Content\"";
				ENABLE_PREVIEWS = YES;
				GENERATE_INFOPLIST_FILE = YES;
				INFOPLIST_KEY_UIApplicationSceneManifest_Generation = YES;
				INFOPLIST_KEY_UIApplicationSupportsIndirectInputEvents = YES;
				INFOPLIST_KEY_UILaunchScreen_Generation = YES;
				INFOPLIST_KEY_UISupportedInterfaceOrientations_iPad = "UIInterfaceOrientationPortrait UIInterfaceOrientationPortraitUpsideDown UIInterfaceOrientationLandscapeLeft UIInterfaceOrientationLandscapeRight";
				INFOPLIST_KEY_UISupportedInterfaceOrientations_iPhone = "UIInterfaceOrientationPortrait UIInterfaceOrientationLandscapeLeft UIInterfaceOrientationLandscapeRight";
				LD_RUNPATH_SEARCH_PATHS = (
					"$(inherited)",
					"@executable_path/Frameworks",
				);
				MARKETING_VERSION = 1.0;
				PRODUCT_BUNDLE_IDENTIFIER = com.ShreeKrishna.SwiftUIBasics;
				PRODUCT_NAME = "$(TARGET_NAME)";
				SWIFT_EMIT_LOC_STRINGS = YES;
				SWIFT_VERSION = 5.0;
				TARGETED_DEVICE_FAMILY = "1,2";
			};
			name = Debug;
		};
		CF1D2E7129C4B1EA00373623 /* Release */ = {
			isa = XCBuildConfiguration;
			buildSettings = {
				ASSETCATALOG_COMPILER_APPICON_NAME = AppIcon;
				ASSETCATALOG_COMPILER_GLOBAL_ACCENT_COLOR_NAME = AccentColor;
				CODE_SIGN_STYLE = Automatic;
				CURRENT_PROJECT_VERSION = 1;
				DEVELOPMENT_ASSET_PATHS = "\"SwiftUIBasics/Preview Content\"";
				ENABLE_PREVIEWS = YES;
				GENERATE_INFOPLIST_FILE = YES;
				INFOPLIST_KEY_UIApplicationSceneManifest_Generation = YES;
				INFOPLIST_KEY_UIApplicationSupportsIndirectInputEvents = YES;
				INFOPLIST_KEY_UILaunchScreen_Generation = YES;
				INFOPLIST_KEY_UISupportedInterfaceOrientations_iPad = "UIInterfaceOrientationPortrait UIInterfaceOrientationPortraitUpsideDown UIInterfaceOrientationLandscapeLeft UIInterfaceOrientationLandscapeRight";
				INFOPLIST_KEY_UISupportedInterfaceOrientations_iPhone = "UIInterfaceOrientationPortrait UIInterfaceOrientationLandscapeLeft UIInterfaceOrientationLandscapeRight";
				LD_RUNPATH_SEARCH_PATHS = (
					"$(inherited)",
					"@executable_path/Frameworks",
				);
				MARKETING_VERSION = 1.0;
				PRODUCT_BUNDLE_IDENTIFIER = com.ShreeKrishna.SwiftUIBasics;
				PRODUCT_NAME = "$(TARGET_NAME)";
				SWIFT_EMIT_LOC_STRINGS = YES;
				SWIFT_VERSION = 5.0;
				TARGETED_DEVICE_FAMILY = "1,2";
			};
			name = Release;
		};
/* End XCBuildConfiguration section */

/* Begin XCConfigurationList section */
		CF1D2E5C29C4B1E800373623 /* Build configuration list for PBXProject "SwiftUIBasics" */ = {
			isa = XCConfigurationList;
			buildConfigurations = (
				CF1D2E6D29C4B1EA00373623 /* Debug */,
				CF1D2E6E29C4B1EA00373623 /* Release */,
			);
			defaultConfigurationIsVisible = 0;
			defaultConfigurationName = Release;
		};
		CF1D2E6F29C4B1EA00373623 /* Build configuration list for PBXNativeTarget "SwiftUIBasics" */ = {
			isa = XCConfigurationList;
			buildConfigurations = (
				CF1D2E7029C4B1EA00373623 /* Debug */,
				CF1D2E7129C4B1EA00373623 /* Release */,
			);
			defaultConfigurationIsVisible = 0;
			defaultConfigurationName = Release;
		};
/* End XCConfigurationList section */
	};
	rootObject = CF1D2E5929C4B1E800373623 /* Project object */;
}
