// !$*UTF8*$!
{
	archiveVersion = 1;
	classes = {
	};
	objectVersion = 56;
	objects = {

/* Begin PBXBuildFile section */
		CF1D2E6529C4B1E800373623 /* SwiftUIBasicsApp.swift in Sources */ = {isa = PBXBuildFile; fileRef = CF1D2E6429C4B1E800373623 /* SwiftUIBasicsApp.swift */; };
		CF1D2E6729C4B1E800373623 /* ContentView.swift in Sources */ = {isa = PBXBuildFile; fileRef = CF1D2E6629C4B1E800373623 /* ContentView.swift */; };
		CF1D2E6929C4B1EA00373623 /* Assets.xcassets in Resources */ = {isa = PBXBuildFile; fileRef = CF1D2E6829C4B1EA00373623 /* Assets.xcassets */; };
		CF1D2E6C29C4B1EA00373623 /* Preview Assets.xcassets in Resources */ = {isa = PBXBuildFile; fileRef = CF1D2E6B29C4B1EA00373623 /* Preview Assets.xcassets */; };
		CF1D2E7329C4B2B300373623 /* TextBasics.swift in Sources */ = {isa = PBXBuildFile; fileRef = CF1D2E7229C4B2B300373623 /* TextBasics.swift */; };
		CF76FDF929C56BB90063481C /* ColorBasics.swift in Sources */ = {isa = PBXBuildFile; fileRef = CF76FDF829C56BB90063481C /* ColorBasics.swift */; };
		CF76FDFB29C573400063481C /* GradientBasics.swift in Sources */ = {isa = PBXBuildFile; fileRef = CF76FDFA29C573400063481C /* GradientBasics.swift */; };
		CF76FDFD29C57B330063481C /* Icons.swift in Sources */ = {isa = PBXBuildFile; fileRef = CF76FDFC29C57B330063481C /* Icons.swift */; };
		CF76FDFF29C583880063481C /* ImageBasics.swift in Sources */ = {isa = PBXBuildFile; fileRef = CF76FDFE29C583880063481C /* ImageBasics.swift */; };
		CFCC6DC029C4CC2E00EA079A /* Shapes.swift in Sources */ = {isa = PBXBuildFile; fileRef = CFCC6DBF29C4CC2E00EA079A /* Shapes.swift */; };
/* End PBXBuildFile section */

/* Begin PBXFileReference section */
		CF1D2E6129C4B1E800373623 /* SwiftUIBasics.app */ = {isa = PBXFileReference; explicitFileType = wrapper.application; includeInIndex = 0; path = SwiftUIBasics.app; sourceTree = BUILT_PRODUCTS_DIR; };
		CF1D2E6429C4B1E800373623 /* SwiftUIBasicsApp.swift */ = {isa = PBXFileReference; lastKnownFileType = sourcecode.swift; path = SwiftUIBasicsApp.swift; sourceTree = "<group>"; };
		CF1D2E6629C4B1E800373623 /* ContentView.swift */ = {isa = PBXFileReference; lastKnownFileType = sourcecode.swift; path = ContentView.swift; sourceTree = "<group>"; };
		CF1D2E6829C4B1EA00373623 /* Assets.xcassets */ = {isa = PBXFileReference; lastKnownFileType = folder.assetcatalog; path = Assets.xcassets; sourceTree = "<group>"; };
		CF1D2E6B29C4B1EA00373623 /* Preview Assets.xcassets */ = {isa = PBXFileReference; lastKnownFileType = folder.assetcatalog; path = "Preview Assets.xcassets"; sourceTree = "<group>"; };
		CF1D2E7229C4B2B300373623 /* TextBasics.swift */ = {isa = PBXFileReference; lastKnownFileType = sourcecode.swift; path = TextBasics.swift; sourceTree = "<group>"; };
		CF76FDF829C56BB90063481C /* ColorBasics.swift */ = {isa = PBXFileReference; lastKnownFileType = sourcecode.swift; path = ColorBasics.swift; sourceTree = "<group>"; };
		CF76FDFA29C573400063481C /* GradientBasics.swift */ = {isa = PBXFileReference; lastKnownFileType = sourcecode.swift; path = GradientBasics.swift; sourceTree = "<group>"; };
		CF76FDFC29C57B330063481C /* Icons.swift */ = {isa = PBXFileReference; lastKnownFileType = sourcecode.swift; path = Icons.swift; sourceTree = "<group>"; };
		CF76FDFE29C583880063481C /* ImageBasics.swift */ = {isa = PBXFileReference; lastKnownFileType = sourcecode.swift; path = ImageBasics.swift; sourceTree = "<group>"; };
		CFCC6DBF29C4CC2E00EA079A /* Shapes.swift */ = {isa = PBXFileReference; lastKnownFileType = sourcecode.swift; path = Shapes.swift; sourceTree = "<group>"; };
/* End PBXFileReference section */

/* Begin PBXFrameworksBuildPhase section */
		CF1D2E5E29C4B1E800373623 /* Frameworks */ = {
			isa = PBXFrameworksBuildPhase;
			buildActionMask = 2147483647;
			files = (
			);
			runOnlyForDeploymentPostprocessing = 0;
		};
/* End PBXFrameworksBuildPhase section */

/* Begin PBXGroup section */
		CF1D2E5829C4B1E800373623 = {
			isa = PBXGroup;
			children = (
				CF1D2E6329C4B1E800373623 /* SwiftUIBasics */,
				CF1D2E6229C4B1E800373623 /* Products */,
			);
			sourceTree = "<group>";
		};
		CF1D2E6229C4B1E800373623 /* Products */ = {
			isa = PBXGroup;
			children = (
				CF1D2E6129C4B1E800373623 /* SwiftUIBasics.app */,
			);
			name = Products;
			sourceTree = "<group>";
		};
		CF1D2E6329C4B1E800373623 /* SwiftUIBasics */ = {
			isa = PBXGroup;
			children = (
				CF1D2E6429C4B1E800373623 /* SwiftUIBasicsApp.swift */,
				CF1D2E6629C4B1E800373623 /* ContentView.swift */,
				CF1D2E6829C4B1EA00373623 /* Assets.xcassets */,
				CF1D2E6A29C4B1EA00373623 /* Preview Content */,
				CF1D2E7229C4B2B300373623 /* TextBasics.swift */,
				CFCC6DBF29C4CC2E00EA079A /* Shapes.swift */,
				CF76FDF829C56BB90063481C /* ColorBasics.swift */,
				CF76FDFA29C573400063481C /* GradientBasics.swift */,
				CF76FDFC29C57B330063481C /* Icons.swift */,
				CF76FDFE29C583880063481C /* ImageBasics.swift */,
			);
			path = SwiftUIBasics;
			sourceTree = "<group>";
		};
		CF1D2E6A29C4B1EA00373623 /* Preview Content */ = {
			isa = PBXGroup;
			children = (
				CF1D2E6B29C4B1EA00373623 /* Preview Assets.xcassets */,
			);
			path = "Preview Content";
			sourceTree = "<group>";
		};
/* End PBXGroup section */

/* Begin PBXNativeTarget section */
		CF1D2E6029C4B1E800373623 /* SwiftUIBasics */ = {
			isa = PBXNativeTarget;
			buildConfigurationList = CF1D2E6F29C4B1EA00373623 /* Build configuration list for PBXNativeTarget "SwiftUIBasics" */;
			buildPhases = (
				CF1D2E5D29C4B1E800373623 /* Sources */,
				CF1D2E5E29C4B1E800373623 /* Frameworks */,
				CF1D2E5F29C4B1E800373623 /* Resources */,
			);
			buildRules = (
			);
			dependencies = (
			);
			name = SwiftUIBasics;
			productName = SwiftUIBasics;
			productReference = CF1D2E6129C4B1E800373623 /* SwiftUIBasics.app */;
			productType = "com.apple.product-type.application";
		};
/* End PBXNativeTarget section */

/* Begin PBXProject section */
		CF1D2E5929C4B1E800373623 /* Project object */ = {
			isa = PBXProject;
			attributes = {
				BuildIndependentTargetsInParallel = 1;
				LastSwiftUpdateCheck = 1420;
				LastUpgradeCheck = 1420;
				TargetAttributes = {
					CF1D2E6029C4B1E800373623 = {
						CreatedOnToolsVersion = 14.2;
					};
				};
			};
			buildConfigurationList = CF1D2E5C29C4B1E800373623 /* Build configuration list for PBXProject "SwiftUIBasics" */;
			compatibilityVersion = "Xcode 14.0";
			developmentRegion = en;
			hasScannedForEncodings = 0;
			knownRegions = (
				en,
				Base,
			);
			mainGroup = CF1D2E5829C4B1E800373623;
			productRefGroup = CF1D2E6229C4B1E800373623 /* Products */;
			projectDirPath = "";
			projectRoot = "";
			targets = (
				CF1D2E6029C4B1E800373623 /* SwiftUIBasics */,
			);
		};
/* End PBXProject section */

/* Begin PBXResourcesBuildPhase section */
		CF1D2E5F29C4B1E800373623 /* Resources */ = {
			isa = PBXResourcesBuildPhase;
			buildActionMask = 2147483647;
			files = (
				CF1D2E6C29C4B1EA00373623 /* Preview Assets.xcassets in Resources */,
				CF1D2E6929C4B1EA00373623 /* Assets.xcassets in Resources */,
			);
			runOnlyForDeploymentPostprocessing = 0;
		};
/* End PBXResourcesBuildPhase section */

/* Begin PBXSourcesBuildPhase section */
		CF1D2E5D29C4B1E800373623 /* Sources */ = {
			isa = PBXSourcesBuildPhase;
			buildActionMask = 2147483647;
			files = (
				CF76FDFD29C57B330063481C /* Icons.swift in Sources */,
				CF1D2E6729C4B1E800373623 /* ContentView.swift in Sources */,
				CF76FDF929C56BB90063481C /* ColorBasics.swift in Sources */,
				CF1D2E6529C4B1E800373623 /* SwiftUIBasicsApp.swift in Sources */,
				CF76FDFF29C583880063481C /* ImageBasics.swift in Sources */,
				CF1D2E7329C4B2B300373623 /* TextBasics.swift in Sources */,
				CF76FDFB29C573400063481C /* GradientBasics.swift in Sources */,
				CFCC6DC029C4CC2E00EA079A /* Shapes.swift in Sources */,
			);
			runOnlyForDeploymentPostprocessing = 0;
		};
/* End PBXSourcesBuildPhase section */

/* Begin XCBuildConfiguration section */
		CF1D2E6D29C4B1EA00373623 /* Debug */ = {
			isa = XCBuildConfiguration;
			buildSettings = {
				ALWAYS_SEARCH_USER_PATHS = NO;
				CLANG_ANALYZER_NONNULL = YES;
				CLANG_ANALYZER_NUMBER_OBJECT_CONVERSION = YES_AGGRESSIVE;
				CLANG_CXX_LANGUAGE_STANDARD = "gnu++20";
				CLANG_ENABLE_MODULES = YES;
				CLANG_ENABLE_OBJC_ARC = YES;
				CLANG_ENABLE_OBJC_WEAK = YES;
				CLANG_WARN_BLOCK_CAPTURE_AUTORELEASING = YES;
				CLANG_WARN_BOOL_CONVERSION = YES;
				CLANG_WARN_COMMA = YES;
				CLANG_WARN_CONSTANT_CONVERSION = YES;
				CLANG_WARN_DEPRECATED_OBJC_IMPLEMENTATIONS = YES;
				CLANG_WARN_DIRECT_OBJC_ISA_USAGE = YES_ERROR;
				CLANG_WARN_DOCUMENTATION_COMMENTS = YES;
				CLANG_WARN_EMPTY_BODY = YES;
				CLANG_WARN_ENUM_CONVERSION = YES;
				CLANG_WARN_INFINITE_RECURSION = YES;
				CLANG_WARN_INT_CONVERSION = YES;
				CLANG_WARN_NON_LITERAL_NULL_CONVERSION = YES;
				CLANG_WARN_OBJC_IMPLICIT_RETAIN_SELF = YES;
				CLANG_WARN_OBJC_LITERAL_CONVERSION = YES;
				CLANG_WARN_OBJC_ROOT_CLASS = YES_ERROR;
				CLANG_WARN_QUOTED_INCLUDE_IN_FRAMEWORK_HEADER = YES;
				CLANG_WARN_RANGE_LOOP_ANALYSIS = YES;
				CLANG_WARN_STRICT_PROTOTYPES = YES;
				CLANG_WARN_SUSPICIOUS_MOVE = YES;
				CLANG_WARN_UNGUARDED_AVAILABILITY = YES_AGGRESSIVE;
				CLANG_WARN_UNREACHABLE_CODE = YES;
				CLANG_WARN__DUPLICATE_METHOD_MATCH = YES;
				COPY_PHASE_STRIP = NO;
				DEBUG_INFORMATION_FORMAT = dwarf;
				ENABLE_STRICT_OBJC_MSGSEND = YES;
				ENABLE_TESTABILITY = YES;
				GCC_C_LANGUAGE_STANDARD = gnu11;
				GCC_DYNAMIC_NO_PIC = NO;
				GCC_NO_COMMON_BLOCKS = YES;
				GCC_OPTIMIZATION_LEVEL = 0;
				GCC_PREPROCESSOR_DEFINITIONS = (
					"DEBUG=1",
					"$(inherited)",
				);
				GCC_WARN_64_TO_32_BIT_CONVERSION = YES;
				GCC_WARN_ABOUT_RETURN_TYPE = YES_ERROR;
				GCC_WARN_UNDECLARED_SELECTOR = YES;
				GCC_WARN_UNINITIALIZED_AUTOS = YES_AGGRESSIVE;
				GCC_WARN_UNUSED_FUNCTION = YES;
				GCC_WARN_UNUSED_VARIABLE = YES;
				IPHONEOS_DEPLOYMENT_TARGET = 16.2;
				MTL_ENABLE_DEBUG_INFO = INCLUDE_SOURCE;
				MTL_FAST_MATH = YES;
				ONLY_ACTIVE_ARCH = YES;
				SDKROOT = iphoneos;
				SWIFT_ACTIVE_COMPILATION_CONDITIONS = DEBUG;
				SWIFT_OPTIMIZATION_LEVEL = "-Onone";
			};
			name = Debug;
		};
		CF1D2E6E29C4B1EA00373623 /* Release */ = {
			isa = XCBuildConfiguration;
			buildSettings = {
				ALWAYS_SEARCH_USER_PATHS = NO;
				CLANG_ANALYZER_NONNULL = YES;
				CLANG_ANALYZER_NUMBER_OBJECT_CONVERSION = YES_AGGRESSIVE;
				CLANG_CXX_LANGUAGE_STANDARD = "gnu++20";
				CLANG_ENABLE_MODULES = YES;
				CLANG_ENABLE_OBJC_ARC = YES;
				CLANG_ENABLE_OBJC_WEAK = YES;
				CLANG_WARN_BLOCK_CAPTURE_AUTORELEASING = YES;
				CLANG_WARN_BOOL_CONVERSION = YES;
				CLANG_WARN_COMMA = YES;
				CLANG_WARN_CONSTANT_CONVERSION = YES;
				CLANG_WARN_DEPRECATED_OBJC_IMPLEMENTATIONS = YES;
				CLANG_WARN_DIRECT_OBJC_ISA_USAGE = YES_ERROR;
				CLANG_WARN_DOCUMENTATION_COMMENTS = YES;
				CLANG_WARN_EMPTY_BODY = YES;
				CLANG_WARN_ENUM_CONVERSION = YES;
				CLANG_WARN_INFINITE_RECURSION = YES;
				CLANG_WARN_INT_CONVERSION = YES;
				CLANG_WARN_NON_LITERAL_NULL_CONVERSION = YES;
				CLANG_WARN_OBJC_IMPLICIT_RETAIN_SELF = YES;
				CLANG_WARN_OBJC_LITERAL_CONVERSION = YES;
				CLANG_WARN_OBJC_ROOT_CLASS = YES_ERROR;
				CLANG_WARN_QUOTED_INCLUDE_IN_FRAMEWORK_HEADER = YES;
				CLANG_WARN_RANGE_LOOP_ANALYSIS = YES;
				CLANG_WARN_STRICT_PROTOTYPES = YES;
				CLANG_WARN_SUSPICIOUS_MOVE = YES;
				CLANG_WARN_UNGUARDED_AVAILABILITY = YES_AGGRESSIVE;
				CLANG_WARN_UNREACHABLE_CODE = YES;
				CLANG_WARN__DUPLICATE_METHOD_MATCH = YES;
				COPY_PHASE_STRIP = NO;
				DEBUG_INFORMATION_FORMAT = "dwarf-with-dsym";
				ENABLE_NS_ASSERTIONS = NO;
				ENABLE_STRICT_OBJC_MSGSEND = YES;
				GCC_C_LANGUAGE_STANDARD = gnu11;
				GCC_NO_COMMON_BLOCKS = YES;
				GCC_WARN_64_TO_32_BIT_CONVERSION = YES;
				GCC_WARN_ABOUT_RETURN_TYPE = YES_ERROR;
				GCC_WARN_UNDECLARED_SELECTOR = YES;
				GCC_WARN_UNINITIALIZED_AUTOS = YES_AGGRESSIVE;
				GCC_WARN_UNUSED_FUNCTION = YES;
				GCC_WARN_UNUSED_VARIABLE = YES;
				IPHONEOS_DEPLOYMENT_TARGET = 16.2;
				MTL_ENABLE_DEBUG_INFO = NO;
				MTL_FAST_MATH = YES;
				SDKROOT = iphoneos;
				SWIFT_COMPILATION_MODE = wholemodule;
				SWIFT_OPTIMIZATION_LEVEL = "-O";
				VALIDATE_PRODUCT = YES;
			};
			name = Release;
		};
		CF1D2E7029C4B1EA00373623 /* Debug */ = {
			isa = XCBuildConfiguration;
			buildSettings = {
				ASSETCATALOG_COMPILER_APPICON_NAME = AppIcon;
				ASSETCATALOG_COMPILER_GLOBAL_ACCENT_COLOR_NAME = AccentColor;
				CODE_SIGN_STYLE = Automatic;
				CURRENT_PROJECT_VERSION = 1;
				DEVELOPMENT_ASSET_PATHS = "\"SwiftUIBasics/Preview Content\"";
				ENABLE_PREVIEWS = YES;
				GENERATE_INFOPLIST_FILE = YES;
				INFOPLIST_KEY_UIApplicationSceneManifest_Generation = YES;
				INFOPLIST_KEY_UIApplicationSupportsIndirectInputEvents = YES;
				INFOPLIST_KEY_UILaunchScreen_Generation = YES;
				INFOPLIST_KEY_UISupportedInterfaceOrientations_iPad = "UIInterfaceOrientationPortrait UIInterfaceOrientationPortraitUpsideDown UIInterfaceOrientationLandscapeLeft UIInterfaceOrientationLandscapeRight";
				INFOPLIST_KEY_UISupportedInterfaceOrientations_iPhone = "UIInterfaceOrientationPortrait UIInterfaceOrientationLandscapeLeft UIInterfaceOrientationLandscapeRight";
				LD_RUNPATH_SEARCH_PATHS = (
					"$(inherited)",
					"@executable_path/Frameworks",
				);
				MARKETING_VERSION = 1.0;
				PRODUCT_BUNDLE_IDENTIFIER = com.ShreeKrishna.SwiftUIBasics;
				PRODUCT_NAME = "$(TARGET_NAME)";
				SWIFT_EMIT_LOC_STRINGS = YES;
				SWIFT_VERSION = 5.0;
				TARGETED_DEVICE_FAMILY = "1,2";
			};
			name = Debug;
		};
		CF1D2E7129C4B1EA00373623 /* Release */ = {
			isa = XCBuildConfiguration;
			buildSettings = {
				ASSETCATALOG_COMPILER_APPICON_NAME = AppIcon;
				ASSETCATALOG_COMPILER_GLOBAL_ACCENT_COLOR_NAME = AccentColor;
				CODE_SIGN_STYLE = Automatic;
				CURRENT_PROJECT_VERSION = 1;
				DEVELOPMENT_ASSET_PATHS = "\"SwiftUIBasics/Preview Content\"";
				ENABLE_PREVIEWS = YES;
				GENERATE_INFOPLIST_FILE = YES;
				INFOPLIST_KEY_UIApplicationSceneManifest_Generation = YES;
				INFOPLIST_KEY_UIApplicationSupportsIndirectInputEvents = YES;
				INFOPLIST_KEY_UILaunchScreen_Generation = YES;
				INFOPLIST_KEY_UISupportedInterfaceOrientations_iPad = "UIInterfaceOrientationPortrait UIInterfaceOrientationPortraitUpsideDown UIInterfaceOrientationLandscapeLeft UIInterfaceOrientationLandscapeRight";
				INFOPLIST_KEY_UISupportedInterfaceOrientations_iPhone = "UIInterfaceOrientationPortrait UIInterfaceOrientationLandscapeLeft UIInterfaceOrientationLandscapeRight";
				LD_RUNPATH_SEARCH_PATHS = (
					"$(inherited)",
					"@executable_path/Frameworks",
				);
				MARKETING_VERSION = 1.0;
				PRODUCT_BUNDLE_IDENTIFIER = com.ShreeKrishna.SwiftUIBasics;
				PRODUCT_NAME = "$(TARGET_NAME)";
				SWIFT_EMIT_LOC_STRINGS = YES;
				SWIFT_VERSION = 5.0;
				TARGETED_DEVICE_FAMILY = "1,2";
			};
			name = Release;
		};
/* End XCBuildConfiguration section */

/* Begin XCConfigurationList section */
		CF1D2E5C29C4B1E800373623 /* Build configuration list for PBXProject "SwiftUIBasics" */ = {
			isa = XCConfigurationList;
			buildConfigurations = (
				CF1D2E6D29C4B1EA00373623 /* Debug */,
				CF1D2E6E29C4B1EA00373623 /* Release */,
			);
			defaultConfigurationIsVisible = 0;
			defaultConfigurationName = Release;
		};
		CF1D2E6F29C4B1EA00373623 /* Build configuration list for PBXNativeTarget "SwiftUIBasics" */ = {
			isa = XCConfigurationList;
			buildConfigurations = (
				CF1D2E7029C4B1EA00373623 /* Debug */,
				CF1D2E7129C4B1EA00373623 /* Release */,
			);
			defaultConfigurationIsVisible = 0;
			defaultConfigurationName = Release;
		};
/* End XCConfigurationList section */
	};
	rootObject = CF1D2E5929C4B1E800373623 /* Project object */;
}
